<Solution>
  <Configurations>
    <Platform Name="Any CPU" />
    <Platform Name="x64" />
    <Platform Name="x86" />
  </Configurations>
  <Project Path="gst_player/gst_player.vcxproj" Id="9b750145-e20b-4339-be59-d9d738553702" />
  <Project Path="Jetson_Stream/Jetson_Stream.csproj">
    <Platform Solution="*|x64" Project="x64" />
  </Project>
</Solution>
